// !$*UTF8*$!
{
	archiveVersion = 1;
	classes = {
	};
	objectVersion = 50;
	objects = {

/* Begin PBXBuildFile section */
		DD243B6125C2CA1300B9F760 /* AppDelegate.swift in Sources */ = {isa = PBXBuildFile; fileRef = DD243B6025C2CA1300B9F760 /* AppDelegate.swift */; };
		DD243B6325C2CA1300B9F760 /* SceneDelegate.swift in Sources */ = {isa = PBXBuildFile; fileRef = DD243B6225C2CA1300B9F760 /* SceneDelegate.swift */; };
		DD243B6825C2CA1300B9F760 /* Main.storyboard in Resources */ = {isa = PBXBuildFile; fileRef = DD243B6625C2CA1300B9F760 /* Main.storyboard */; };
		DD243B6B25C2CA1300B9F760 /* WoozzangMemo.xcdatamodeld in Sources */ = {isa = PBXBuildFile; fileRef = DD243B6925C2CA1300B9F760 /* WoozzangMemo.xcdatamodeld */; };
		DD243B6D25C2CA1400B9F760 /* Assets.xcassets in Resources */ = {isa = PBXBuildFile; fileRef = DD243B6C25C2CA1400B9F760 /* Assets.xcassets */; };
		DD243B7025C2CA1400B9F760 /* LaunchScreen.storyboard in Resources */ = {isa = PBXBuildFile; fileRef = DD243B6E25C2CA1400B9F760 /* LaunchScreen.storyboard */; };
		DDAC027425C5850600073ADB /* Model.swift in Sources */ = {isa = PBXBuildFile; fileRef = DDAC027325C5850600073ADB /* Model.swift */; };
		DDAC027725C587D900073ADB /* MemoListTableViewController.swift in Sources */ = {isa = PBXBuildFile; fileRef = DDAC027625C587D900073ADB /* MemoListTableViewController.swift */; };
/* End PBXBuildFile section */

/* Begin PBXFileReference section */
		DD243B5D25C2CA1300B9F760 /* WoozzangMemo.app */ = {isa = PBXFileReference; explicitFileType = wrapper.application; includeInIndex = 0; path = WoozzangMemo.app; sourceTree = BUILT_PRODUCTS_DIR; };
		DD243B6025C2CA1300B9F760 /* AppDelegate.swift */ = {isa = PBXFileReference; lastKnownFileType = sourcecode.swift; path = AppDelegate.swift; sourceTree = "<group>"; };
		DD243B6225C2CA1300B9F760 /* SceneDelegate.swift */ = {isa = PBXFileReference; lastKnownFileType = sourcecode.swift; path = SceneDelegate.swift; sourceTree = "<group>"; };
		DD243B6725C2CA1300B9F760 /* Base */ = {isa = PBXFileReference; lastKnownFileType = file.storyboard; name = Base; path = Base.lproj/Main.storyboard; sourceTree = "<group>"; };
		DD243B6A25C2CA1300B9F760 /* WoozzangMemo.xcdatamodel */ = {isa = PBXFileReference; lastKnownFileType = wrapper.xcdatamodel; path = WoozzangMemo.xcdatamodel; sourceTree = "<group>"; };
		DD243B6C25C2CA1400B9F760 /* Assets.xcassets */ = {isa = PBXFileReference; lastKnownFileType = folder.assetcatalog; path = Assets.xcassets; sourceTree = "<group>"; };
		DD243B6F25C2CA1400B9F760 /* Base */ = {isa = PBXFileReference; lastKnownFileType = file.storyboard; name = Base; path = Base.lproj/LaunchScreen.storyboard; sourceTree = "<group>"; };
		DD243B7125C2CA1400B9F760 /* Info.plist */ = {isa = PBXFileReference; lastKnownFileType = text.plist.xml; path = Info.plist; sourceTree = "<group>"; };
		DDAC027325C5850600073ADB /* Model.swift */ = {isa = PBXFileReference; lastKnownFileType = sourcecode.swift; path = Model.swift; sourceTree = "<group>"; };
		DDAC027625C587D900073ADB /* MemoListTableViewController.swift */ = {isa = PBXFileReference; lastKnownFileType = sourcecode.swift; path = MemoListTableViewController.swift; sourceTree = "<group>"; };
/* End PBXFileReference section */

/* Begin PBXFrameworksBuildPhase section */
		DD243B5A25C2CA1300B9F760 /* Frameworks */ = {
			isa = PBXFrameworksBuildPhase;
			buildActionMask = 2147483647;
			files = (
			);
			runOnlyForDeploymentPostprocessing = 0;
		};
/* End PBXFrameworksBuildPhase section */

/* Begin PBXGroup section */
		DD243B5425C2CA1300B9F760 = {
			isa = PBXGroup;
			children = (
				DD243B5F25C2CA1300B9F760 /* WoozzangMemo */,
				DD243B5E25C2CA1300B9F760 /* Products */,
			);
			sourceTree = "<group>";
		};
		DD243B5E25C2CA1300B9F760 /* Products */ = {
			isa = PBXGroup;
			children = (
				DD243B5D25C2CA1300B9F760 /* WoozzangMemo.app */,
			);
			name = Products;
			sourceTree = "<group>";
		};
		DD243B5F25C2CA1300B9F760 /* WoozzangMemo */ = {
			isa = PBXGroup;
			children = (
				DDAC027225C584E300073ADB /* Model */,
				DD243B6025C2CA1300B9F760 /* AppDelegate.swift */,
				DD243B6225C2CA1300B9F760 /* SceneDelegate.swift */,
				DDAC027625C587D900073ADB /* MemoListTableViewController.swift */,
				DD243B6625C2CA1300B9F760 /* Main.storyboard */,
				DD243B6C25C2CA1400B9F760 /* Assets.xcassets */,
				DD243B6E25C2CA1400B9F760 /* LaunchScreen.storyboard */,
				DD243B7125C2CA1400B9F760 /* Info.plist */,
				DD243B6925C2CA1300B9F760 /* WoozzangMemo.xcdatamodeld */,
			);
			path = WoozzangMemo;
			sourceTree = "<group>";
		};
		DDAC027225C584E300073ADB /* Model */ = {
			isa = PBXGroup;
			children = (
				DDAC027325C5850600073ADB /* Model.swift */,
			);
			path = Model;
			sourceTree = "<group>";
		};
/* End PBXGroup section */

/* Begin PBXNativeTarget section */
		DD243B5C25C2CA1300B9F760 /* WoozzangMemo */ = {
			isa = PBXNativeTarget;
			buildConfigurationList = DD243B7425C2CA1400B9F760 /* Build configuration list for PBXNativeTarget "WoozzangMemo" */;
			buildPhases = (
				DD243B5925C2CA1300B9F760 /* Sources */,
				DD243B5A25C2CA1300B9F760 /* Frameworks */,
				DD243B5B25C2CA1300B9F760 /* Resources */,
			);
			buildRules = (
			);
			dependencies = (
			);
			name = WoozzangMemo;
			productName = WoozzangMemo;
			productReference = DD243B5D25C2CA1300B9F760 /* WoozzangMemo.app */;
			productType = "com.apple.product-type.application";
		};
/* End PBXNativeTarget section */

/* Begin PBXProject section */
		DD243B5525C2CA1300B9F760 /* Project object */ = {
			isa = PBXProject;
			attributes = {
				LastSwiftUpdateCheck = 1230;
				LastUpgradeCheck = 1230;
				TargetAttributes = {
					DD243B5C25C2CA1300B9F760 = {
						CreatedOnToolsVersion = 12.3;
					};
				};
			};
			buildConfigurationList = DD243B5825C2CA1300B9F760 /* Build configuration list for PBXProject "WoozzangMemo" */;
			compatibilityVersion = "Xcode 9.3";
			developmentRegion = en;
			hasScannedForEncodings = 0;
			knownRegions = (
				en,
				Base,
			);
			mainGroup = DD243B5425C2CA1300B9F760;
			productRefGroup = DD243B5E25C2CA1300B9F760 /* Products */;
			projectDirPath = "";
			projectRoot = "";
			targets = (
				DD243B5C25C2CA1300B9F760 /* WoozzangMemo */,
			);
		};
/* End PBXProject section */

/* Begin PBXResourcesBuildPhase section */
		DD243B5B25C2CA1300B9F760 /* Resources */ = {
			isa = PBXResourcesBuildPhase;
			buildActionMask = 2147483647;
			files = (
				DD243B7025C2CA1400B9F760 /* LaunchScreen.storyboard in Resources */,
				DD243B6D25C2CA1400B9F760 /* Assets.xcassets in Resources */,
				DD243B6825C2CA1300B9F760 /* Main.storyboard in Resources */,
			);
			runOnlyForDeploymentPostprocessing = 0;
		};
/* End PBXResourcesBuildPhase section */

/* Begin PBXSourcesBuildPhase section */
		DD243B5925C2CA1300B9F760 /* Sources */ = {
			isa = PBXSourcesBuildPhase;
			buildActionMask = 2147483647;
			files = (
				DD243B6125C2CA1300B9F760 /* AppDelegate.swift in Sources */,
				DD243B6B25C2CA1300B9F760 /* WoozzangMemo.xcdatamodeld in Sources */,
				DDAC027725C587D900073ADB /* MemoListTableViewController.swift in Sources */,
				DD243B6325C2CA1300B9F760 /* SceneDelegate.swift in Sources */,
				DDAC027425C5850600073ADB /* Model.swift in Sources */,
			);
			runOnlyForDeploymentPostprocessing = 0;
		};
/* End PBXSourcesBuildPhase section */

/* Begin PBXVariantGroup section */
		DD243B6625C2CA1300B9F760 /* Main.storyboard */ = {
			isa = PBXVariantGroup;
			children = (
				DD243B6725C2CA1300B9F760 /* Base */,
			);
			name = Main.storyboard;
			sourceTree = "<group>";
		};
		DD243B6E25C2CA1400B9F760 /* LaunchScreen.storyboard */ = {
			isa = PBXVariantGroup;
			children = (
				DD243B6F25C2CA1400B9F760 /* Base */,
			);
			name = LaunchScreen.storyboard;
			sourceTree = "<group>";
		};
/* End PBXVariantGroup section */

/* Begin XCBuildConfiguration section */
		DD243B7225C2CA1400B9F760 /* Debug */ = {
			isa = XCBuildConfiguration;
			buildSettings = {
				ALWAYS_SEARCH_USER_PATHS = NO;
				CLANG_ANALYZER_NONNULL = YES;
				CLANG_ANALYZER_NUMBER_OBJECT_CONVERSION = YES_AGGRESSIVE;
				CLANG_CXX_LANGUAGE_STANDARD = "gnu++14";
				CLANG_CXX_LIBRARY = "libc++";
				CLANG_ENABLE_MODULES = YES;
				CLANG_ENABLE_OBJC_ARC = YES;
				CLANG_ENABLE_OBJC_WEAK = YES;
				CLANG_WARN_BLOCK_CAPTURE_AUTORELEASING = YES;
				CLANG_WARN_BOOL_CONVERSION = YES;
				CLANG_WARN_COMMA = YES;
				CLANG_WARN_CONSTANT_CONVERSION = YES;
				CLANG_WARN_DEPRECATED_OBJC_IMPLEMENTATIONS = YES;
				CLANG_WARN_DIRECT_OBJC_ISA_USAGE = YES_ERROR;
				CLANG_WARN_DOCUMENTATION_COMMENTS = YES;
				CLANG_WARN_EMPTY_BODY = YES;
				CLANG_WARN_ENUM_CONVERSION = YES;
				CLANG_WARN_INFINITE_RECURSION = YES;
				CLANG_WARN_INT_CONVERSION = YES;
				CLANG_WARN_NON_LITERAL_NULL_CONVERSION = YES;
				CLANG_WARN_OBJC_IMPLICIT_RETAIN_SELF = YES;
				CLANG_WARN_OBJC_LITERAL_CONVERSION = YES;
				CLANG_WARN_OBJC_ROOT_CLASS = YES_ERROR;
				CLANG_WARN_QUOTED_INCLUDE_IN_FRAMEWORK_HEADER = YES;
				CLANG_WARN_RANGE_LOOP_ANALYSIS = YES;
				CLANG_WARN_STRICT_PROTOTYPES = YES;
				CLANG_WARN_SUSPICIOUS_MOVE = YES;
				CLANG_WARN_UNGUARDED_AVAILABILITY = YES_AGGRESSIVE;
				CLANG_WARN_UNREACHABLE_CODE = YES;
				CLANG_WARN__DUPLICATE_METHOD_MATCH = YES;
				COPY_PHASE_STRIP = NO;
				DEBUG_INFORMATION_FORMAT = dwarf;
				ENABLE_STRICT_OBJC_MSGSEND = YES;
				ENABLE_TESTABILITY = YES;
				GCC_C_LANGUAGE_STANDARD = gnu11;
				GCC_DYNAMIC_NO_PIC = NO;
				GCC_NO_COMMON_BLOCKS = YES;
				GCC_OPTIMIZATION_LEVEL = 0;
				GCC_PREPROCESSOR_DEFINITIONS = (
					"DEBUG=1",
					"$(inherited)",
				);
				GCC_WARN_64_TO_32_BIT_CONVERSION = YES;
				GCC_WARN_ABOUT_RETURN_TYPE = YES_ERROR;
				GCC_WARN_UNDECLARED_SELECTOR = YES;
				GCC_WARN_UNINITIALIZED_AUTOS = YES_AGGRESSIVE;
				GCC_WARN_UNUSED_FUNCTION = YES;
				GCC_WARN_UNUSED_VARIABLE = YES;
				IPHONEOS_DEPLOYMENT_TARGET = 14.3;
				MTL_ENABLE_DEBUG_INFO = INCLUDE_SOURCE;
				MTL_FAST_MATH = YES;
				ONLY_ACTIVE_ARCH = YES;
				SDKROOT = iphoneos;
				SWIFT_ACTIVE_COMPILATION_CONDITIONS = DEBUG;
				SWIFT_OPTIMIZATION_LEVEL = "-Onone";
			};
			name = Debug;
		};
		DD243B7325C2CA1400B9F760 /* Release */ = {
			isa = XCBuildConfiguration;
			buildSettings = {
				ALWAYS_SEARCH_USER_PATHS = NO;
				CLANG_ANALYZER_NONNULL = YES;
				CLANG_ANALYZER_NUMBER_OBJECT_CONVERSION = YES_AGGRESSIVE;
				CLANG_CXX_LANGUAGE_STANDARD = "gnu++14";
				CLANG_CXX_LIBRARY = "libc++";
				CLANG_ENABLE_MODULES = YES;
				CLANG_ENABLE_OBJC_ARC = YES;
				CLANG_ENABLE_OBJC_WEAK = YES;
				CLANG_WARN_BLOCK_CAPTURE_AUTORELEASING = YES;
				CLANG_WARN_BOOL_CONVERSION = YES;
				CLANG_WARN_COMMA = YES;
				CLANG_WARN_CONSTANT_CONVERSION = YES;
				CLANG_WARN_DEPRECATED_OBJC_IMPLEMENTATIONS = YES;
				CLANG_WARN_DIRECT_OBJC_ISA_USAGE = YES_ERROR;
				CLANG_WARN_DOCUMENTATION_COMMENTS = YES;
				CLANG_WARN_EMPTY_BODY = YES;
				CLANG_WARN_ENUM_CONVERSION = YES;
				CLANG_WARN_INFINITE_RECURSION = YES;
				CLANG_WARN_INT_CONVERSION = YES;
				CLANG_WARN_NON_LITERAL_NULL_CONVERSION = YES;
				CLANG_WARN_OBJC_IMPLICIT_RETAIN_SELF = YES;
				CLANG_WARN_OBJC_LITERAL_CONVERSION = YES;
				CLANG_WARN_OBJC_ROOT_CLASS = YES_ERROR;
				CLANG_WARN_QUOTED_INCLUDE_IN_FRAMEWORK_HEADER = YES;
				CLANG_WARN_RANGE_LOOP_ANALYSIS = YES;
				CLANG_WARN_STRICT_PROTOTYPES = YES;
				CLANG_WARN_SUSPICIOUS_MOVE = YES;
				CLANG_WARN_UNGUARDED_AVAILABILITY = YES_AGGRESSIVE;
				CLANG_WARN_UNREACHABLE_CODE = YES;
				CLANG_WARN__DUPLICATE_METHOD_MATCH = YES;
				COPY_PHASE_STRIP = NO;
				DEBUG_INFORMATION_FORMAT = "dwarf-with-dsym";
				ENABLE_NS_ASSERTIONS = NO;
				ENABLE_STRICT_OBJC_MSGSEND = YES;
				GCC_C_LANGUAGE_STANDARD = gnu11;
				GCC_NO_COMMON_BLOCKS = YES;
				GCC_WARN_64_TO_32_BIT_CONVERSION = YES;
				GCC_WARN_ABOUT_RETURN_TYPE = YES_ERROR;
				GCC_WARN_UNDECLARED_SELECTOR = YES;
				GCC_WARN_UNINITIALIZED_AUTOS = YES_AGGRESSIVE;
				GCC_WARN_UNUSED_FUNCTION = YES;
				GCC_WARN_UNUSED_VARIABLE = YES;
				IPHONEOS_DEPLOYMENT_TARGET = 14.3;
				MTL_ENABLE_DEBUG_INFO = NO;
				MTL_FAST_MATH = YES;
				SDKROOT = iphoneos;
				SWIFT_COMPILATION_MODE = wholemodule;
				SWIFT_OPTIMIZATION_LEVEL = "-O";
				VALIDATE_PRODUCT = YES;
			};
			name = Release;
		};
		DD243B7525C2CA1400B9F760 /* Debug */ = {
			isa = XCBuildConfiguration;
			buildSettings = {
				ASSETCATALOG_COMPILER_APPICON_NAME = AppIcon;
				ASSETCATALOG_COMPILER_GLOBAL_ACCENT_COLOR_NAME = AccentColor;
				CODE_SIGN_STYLE = Automatic;
				DEVELOPMENT_TEAM = 949WFFQ7HH;
				INFOPLIST_FILE = WoozzangMemo/Info.plist;
				LD_RUNPATH_SEARCH_PATHS = (
					"$(inherited)",
					"@executable_path/Frameworks",
				);
				PRODUCT_BUNDLE_IDENTIFIER = net.woozzang.WoozzangMemo;
				PRODUCT_NAME = "$(TARGET_NAME)";
				SWIFT_VERSION = 5.0;
				TARGETED_DEVICE_FAMILY = "1,2";
			};
			name = Debug;
		};
		DD243B7625C2CA1400B9F760 /* Release */ = {
			isa = XCBuildConfiguration;
			buildSettings = {
				ASSETCATALOG_COMPILER_APPICON_NAME = AppIcon;
				ASSETCATALOG_COMPILER_GLOBAL_ACCENT_COLOR_NAME = AccentColor;
				CODE_SIGN_STYLE = Automatic;
				DEVELOPMENT_TEAM = 949WFFQ7HH;
				INFOPLIST_FILE = WoozzangMemo/Info.plist;
				LD_RUNPATH_SEARCH_PATHS = (
					"$(inherited)",
					"@executable_path/Frameworks",
				);
				PRODUCT_BUNDLE_IDENTIFIER = net.woozzang.WoozzangMemo;
				PRODUCT_NAME = "$(TARGET_NAME)";
				SWIFT_VERSION = 5.0;
				TARGETED_DEVICE_FAMILY = "1,2";
			};
			name = Release;
		};
/* End XCBuildConfiguration section */

/* Begin XCConfigurationList section */
		DD243B5825C2CA1300B9F760 /* Build configuration list for PBXProject "WoozzangMemo" */ = {
			isa = XCConfigurationList;
			buildConfigurations = (
				DD243B7225C2CA1400B9F760 /* Debug */,
				DD243B7325C2CA1400B9F760 /* Release */,
			);
			defaultConfigurationIsVisible = 0;
			defaultConfigurationName = Release;
		};
		DD243B7425C2CA1400B9F760 /* Build configuration list for PBXNativeTarget "WoozzangMemo" */ = {
			isa = XCConfigurationList;
			buildConfigurations = (
				DD243B7525C2CA1400B9F760 /* Debug */,
				DD243B7625C2CA1400B9F760 /* Release */,
			);
			defaultConfigurationIsVisible = 0;
			defaultConfigurationName = Release;
		};
/* End XCConfigurationList section */

/* Begin XCVersionGroup section */
		DD243B6925C2CA1300B9F760 /* WoozzangMemo.xcdatamodeld */ = {
			isa = XCVersionGroup;
			children = (
				DD243B6A25C2CA1300B9F760 /* WoozzangMemo.xcdatamodel */,
			);
			currentVersion = DD243B6A25C2CA1300B9F760 /* WoozzangMemo.xcdatamodel */;
			path = WoozzangMemo.xcdatamodeld;
			sourceTree = "<group>";
			versionGroupType = wrapper.xcdatamodel;
		};
/* End XCVersionGroup section */
	};
	rootObject = DD243B5525C2CA1300B9F760 /* Project object */;
}
